
Microsoft Visual Studio Solution File, Format Version 12.00
# Visual Studio Version 16
VisualStudioVersion = 16.0.29123.88
MinimumVisualStudioVersion = 10.0.40219.1
Project("{FAE04EC0-301F-11D3-BF4B-00C04F79EFBC}") = "Pansiyon Otomasyonu", "Pansiyon Otomasyonu\Pansiyon Otomasyonu.csproj", "{37DD8CBA-9022-412E-A204-91491CCA48F0}"
EndProject
Global
	GlobalSection(SolutionConfigurationPlatforms) = preSolution
		Debug|Any CPU = Debug|Any CPU
		Release|Any CPU = Release|Any CPU
	EndGlobalSection
	GlobalSection(ProjectConfigurationPlatforms) = postSolution
		{37DD8CBA-9022-412E-A204-91491CCA48F0}.Debug|Any CPU.ActiveCfg = Debug|Any CPU
		{37DD8CBA-9022-412E-A204-91491CCA48F0}.Debug|Any CPU.Build.0 = Debug|Any CPU
		{37DD8CBA-9022-412E-A204-91491CCA48F0}.Release|Any CPU.ActiveCfg = Release|Any CPU
		{37DD8CBA-9022-412E-A204-91491CCA48F0}.Release|Any CPU.Build.0 = Release|Any CPU
	EndGlobalSection
	GlobalSection(SolutionProperties) = preSolution
		HideSolutionNode = FALSE
	EndGlobalSection
	GlobalSection(ExtensibilityGlobals) = postSolution
		SolutionGuid = {2FC026C7-2FD9-4BA7-B36B-31E9FABEFA0C}
	EndGlobalSection
EndGlobal
